
Microsoft Visual Studio Solution File, Format Version 12.00
# Visual Studio Version 17
VisualStudioVersion = 17.3.32929.385
MinimumVisualStudioVersion = 10.0.40219.1
Project("{FAE04EC0-301F-11D3-BF4B-00C04F79EFBC}") = "PracticaNetFramework", "PracticaNetFramework\PracticaNetFramework.csproj", "{36134F5F-1F4E-4921-A29A-4535B9B88883}"
EndProject
Global
	GlobalSection(SolutionConfigurationPlatforms) = preSolution
		Debug|Any CPU = Debug|Any CPU
		Release|Any CPU = Release|Any CPU
	EndGlobalSection
	GlobalSection(ProjectConfigurationPlatforms) = postSolution
		{36134F5F-1F4E-4921-A29A-4535B9B88883}.Debug|Any CPU.ActiveCfg = Debug|Any CPU
		{36134F5F-1F4E-4921-A29A-4535B9B88883}.Debug|Any CPU.Build.0 = Debug|Any CPU
		{36134F5F-1F4E-4921-A29A-4535B9B88883}.Release|Any CPU.ActiveCfg = Release|Any CPU
		{36134F5F-1F4E-4921-A29A-4535B9B88883}.Release|Any CPU.Build.0 = Release|Any CPU
	EndGlobalSection
	GlobalSection(SolutionProperties) = preSolution
		HideSolutionNode = FALSE
	EndGlobalSection
	GlobalSection(ExtensibilityGlobals) = postSolution
		SolutionGuid = {DBFE6E61-82BB-438C-B6D8-3BE1F6774E2E}
	EndGlobalSection
EndGlobal
